
Microsoft Visual Studio Solution File, Format Version 12.00
# Visual Studio Version 16
VisualStudioVersion = 16.0.31729.503
MinimumVisualStudioVersion = 10.0.40219.1
Project("{FAE04EC0-301F-11D3-BF4B-00C04F79EFBC}") = "MCD_SystemXMLKullanimi", "MCD_SystemXMLKullanimi\MCD_SystemXMLKullanimi.csproj", "{296ACD75-EB2C-4640-974A-E589AED86E5E}"
EndProject
Global
	GlobalSection(SolutionConfigurationPlatforms) = preSolution
		Debug|Any CPU = Debug|Any CPU
		Release|Any CPU = Release|Any CPU
	EndGlobalSection
	GlobalSection(ProjectConfigurationPlatforms) = postSolution
		{296ACD75-EB2C-4640-974A-E589AED86E5E}.Debug|Any CPU.ActiveCfg = Debug|Any CPU
		{296ACD75-EB2C-4640-974A-E589AED86E5E}.Debug|Any CPU.Build.0 = Debug|Any CPU
		{296ACD75-EB2C-4640-974A-E589AED86E5E}.Release|Any CPU.ActiveCfg = Release|Any CPU
		{296ACD75-EB2C-4640-974A-E589AED86E5E}.Release|Any CPU.Build.0 = Release|Any CPU
	EndGlobalSection
	GlobalSection(SolutionProperties) = preSolution
		HideSolutionNode = FALSE
	EndGlobalSection
	GlobalSection(ExtensibilityGlobals) = postSolution
		SolutionGuid = {65DA33C4-68E8-4DD6-BB5E-DAAF024DC112}
	EndGlobalSection
EndGlobal
